# This file is autogenerated, do not edit; changes may be undone by the next 'dep ensure'.


[[projects]]
  name = "github.com/bshuster-repo/logrus-logstash-hook"
  packages = ["."]
  revision = "d2c0ecc1836d91814e15e23bb5dc309c3ef51f4a"
  version = "0.4"

[[projects]]
  branch = "master"
  name = "github.com/femaref/reliable_conn"
  packages = ["."]
  revision = "6186e6c894d1feb3876a516f4ab2418ecefe71f5"

[[projects]]
  name = "github.com/go-chi/chi"
  packages = ["."]
  revision = "967844826e58cf31213a7dfb82455d242ad85101"
  version = "v3.0.0"

[[projects]]
  name = "github.com/pressly/chi"
  packages = ["middleware"]
  revision = "967844826e58cf31213a7dfb82455d242ad85101"
  version = "v3.0.0"

[[projects]]
  name = "github.com/sirupsen/logrus"
  packages = ["."]
  revision = "202f25545ea4cf9b191ff7f846df5d87c9382c2b"
  version = "v1.0.0"

[[projects]]
  branch = "master"
  name = "golang.org/x/sys"
  packages = ["unix"]
  revision = "6faef541c73732f438fb660a212750a9ba9f9362"

[solve-meta]
  analyzer-name = "dep"
  analyzer-version = 1
  inputs-digest = "d4c63d1c15c63fa0ece67e0efaf7a5cba7cb379377d0ac6074b59707ff8e5d17"
  solver-name = "gps-cdcl"
  solver-version = 1
